{
    "_readme": [
        "This file locks the dependencies of your project to a known state",
        "Read more about it at https://getcomposer.org/doc/01-basic-usage.md#composer-lock-the-lock-file",
        "This file is @generated automatically"
    ],
    "hash": "ad90d96e52f6add411957d510ea82621",
    "content-hash": "69b471550e9808a9f4ec4c9f909e6928",
    "packages": [
        {
            "name": "hnm/ch-hnm-util",
            "version": "7.2.x-dev",
            "source": {
                "type": "git",
                "url": "https://github.com/hnm/ch-hnm-util.git",
                "reference": "e8935cbd908cf14de8638f02e7ae5688450a6c65"
            },
            "dist": {
                "type": "zip",
                "url": "https://api.github.com/repos/hnm/ch-hnm-util/zipball/e8935cbd908cf14de8638f02e7ae5688450a6c65",
                "reference": "e8935cbd908cf14de8638f02e7ae5688450a6c65",
                "shasum": ""
            },
            "require": {
                "n2n/n2n-composer-module-installer": "7.1.x-dev",
                "php": ">=7.0"
            },
            "type": "n2n-module",
            "autoload": {
                "psr-4": {
                    "ch\\hnm\\util\\": "src/app/ch/hnm/util"
                }
            },
            "notification-url": "https://packagist.org/downloads/",
            "license": [
                "GPL-3.0-or-later"
            ],
            "authors": [
                {
                    "name": "Thomas Jansen",
                    "email": "jansen@hnm.ch"
                }
            ],
            "description": "common utils for n2n, rocket and page",
            "homepage": "https://n2n.rocks/",
            "keywords": [
                "cmf",
                "cms",
                "n2n"
            ],
            "time": "2018-05-30 09:26:08"
        },
        {
            "name": "n2n/hangar-api",
            "version": "1.0.x-dev",
            "source": {
                "type": "git",
                "url": "https://github.com/n2n/hangar-api.git",
                "reference": "5f73bfd569d20d502bfa7ad89347b0893acd08e7"
            },
            "dist": {
                "type": "zip",
                "url": "https://api.github.com/repos/n2n/hangar-api/zipball/5f73bfd569d20d502bfa7ad89347b0893acd08e7",
                "reference": "5f73bfd569d20d502bfa7ad89347b0893acd08e7",
                "shasum": ""
            },
            "require": {
                "n2n/n2n-persistence": "7.2.x-dev",
                "n2n/n2n-reflection": "7.2.x-dev",
                "n2n/n2n-util": "7.2.x-dev",
                "n2n/n2n-web": "7.2.x-dev",
                "n2n/phpbob": "1.0.x-dev",
                "php": ">=7.0"
            },
            "type": "library",
            "autoload": {
                "psr-4": {
                    "hangar\\api\\": "src/app/hangar/api"
                }
            },
            "notification-url": "https://packagist.org/downloads/",
            "license": [
                "GPL-3.0-or-later"
            ],
            "authors": [
                {
                    "name": "Thomas Günther",
                    "email": "guenther@hnm.ch",
                    "homepage": "https://www.hnm.ch/"
                }
            ],
            "description": "hangar api interfaces",
            "homepage": "https://n2n.rocks/",
            "keywords": [
                "hangar",
                "n2n"
            ],
            "time": "2018-06-20 21:03:24"
        },
        {
            "name": "n2n/n2n",
            "version": "7.2.x-dev",
            "source": {
                "type": "git",
                "url": "https://github.com/n2n/n2n.git",
                "reference": "b8ff274ea9d189ba20a70f2f42f444fc4e032157"
            },
            "dist": {
                "type": "zip",
                "url": "https://api.github.com/repos/n2n/n2n/zipball/b8ff274ea9d189ba20a70f2f42f444fc4e032157",
                "reference": "b8ff274ea9d189ba20a70f2f42f444fc4e032157",
                "shasum": ""
            },
            "require": {
                "n2n/n2n-composer-module-installer": "7.1.x-dev",
                "n2n/n2n-io": "7.2.x-dev",
                "n2n/n2n-l10n": "7.2.x-dev",
                "n2n/n2n-log4php": "7.2.x-dev",
                "n2n/n2n-reflection": "7.2.x-dev",
                "n2n/n2n-util": "7.2.x-dev",
                "php": ">=7.0"
            },
            "type": "n2n-module",
            "autoload": {
                "psr-4": {
                    "n2n\\core\\": "src/app/n2n/core"
                }
            },
            "notification-url": "https://packagist.org/downloads/",
            "license": [
                "LGPL-3.0-or-later"
            ],
            "authors": [
                {
                    "name": "Bert Hofmänner",
                    "email": "hofmaenner@hnm.ch",
                    "homepage": "http://www.hnm.ch"
                },
                {
                    "name": "Thomas Günther",
                    "email": "guenther@hnm.ch"
                },
                {
                    "name": "Andreas von Burg",
                    "email": "a@von-burg.net",
                    "homepage": "https://andreas.von-burg.net"
                }
            ],
            "description": "The core of n2n framework.",
            "homepage": "http://www.n2n.ch",
            "keywords": [
                "framework",
                "n2n"
            ],
            "time": "2018-06-26 15:11:54"
        },
        {
            "name": "n2n/n2n-batch",
            "version": "7.2.x-dev",
            "source": {
                "type": "git",
                "url": "https://github.com/n2n/n2n-batch.git",
                "reference": "5298028f90f685487288c7481caf3497e1a05f6c"
            },
            "dist": {
                "type": "zip",
                "url": "https://api.github.com/repos/n2n/n2n-batch/zipball/5298028f90f685487288c7481caf3497e1a05f6c",
                "reference": "5298028f90f685487288c7481caf3497e1a05f6c",
                "shasum": ""
            },
            "require": {
                "n2n/n2n-reflection": "7.2.x-dev",
                "n2n/n2n-util": "7.2.x-dev",
                "php": ">=7.0"
            },
            "type": "library",
            "autoload": {
                "psr-4": {
                    "n2n\\batch\\": "src/app/n2n/batch"
                }
            },
            "notification-url": "https://packagist.org/downloads/",
            "license": [
                "LGPL-3.0-or-later"
            ],
            "authors": [
                {
                    "name": "Andreas von Burg",
                    "email": "a@von-burg.net",
                    "homepage": "https://andreas.von-burg.net/"
                }
            ],
            "description": "batch job support for n2n framework",
            "homepage": "http://n2n.rocks/",
            "keywords": [
                "batch job",
                "n2n"
            ],
            "time": "2018-01-19 02:06:13"
        },
        {
            "name": "n2n/n2n-composer-module-installer",
            "version": "7.1.x-dev",
            "source": {
                "type": "git",
                "url": "https://github.com/n2n/n2n-composer-module-installer.git",
                "reference": "0c85bc5b7b22338405103c180d30a1fbe28c8e33"
            },
            "dist": {
                "type": "zip",
                "url": "https://api.github.com/repos/n2n/n2n-composer-module-installer/zipball/0c85bc5b7b22338405103c180d30a1fbe28c8e33",
                "reference": "0c85bc5b7b22338405103c180d30a1fbe28c8e33",
                "shasum": ""
            },
            "require": {
                "composer-plugin-api": "^1.0"
            },
            "require-dev": {
                "composer/composer": "1.*"
            },
            "type": "composer-plugin",
            "extra": {
                "class": "n2n\\composer\\module\\ModulePlugin"
            },
            "autoload": {
                "psr-4": {
                    "n2n\\composer\\module\\": "src/n2n/composer/module"
                }
            },
            "notification-url": "https://packagist.org/downloads/",
            "license": [
                "GNU LGPL"
            ],
            "authors": [
                {
                    "name": "Andreas von Burg",
                    "email": "a@von-burg.net",
                    "homepage": "http://www.von-burg.net"
                }
            ],
            "description": "n2n module installer plugin for composer",
            "homepage": "http://n2n.rocks/",
            "keywords": [
                "installer",
                "module",
                "n2n"
            ],
            "time": "2016-08-23 17:41:22"
        },
        {
            "name": "n2n/n2n-context",
            "version": "7.2.x-dev",
            "source": {
                "type": "git",
                "url": "https://github.com/n2n/n2n-context.git",
                "reference": "6df01ce07bfa6e6b1c9a61cb9ce93cc67055f2f9"
            },
            "dist": {
                "type": "zip",
                "url": "https://api.github.com/repos/n2n/n2n-context/zipball/6df01ce07bfa6e6b1c9a61cb9ce93cc67055f2f9",
                "reference": "6df01ce07bfa6e6b1c9a61cb9ce93cc67055f2f9",
                "shasum": ""
            },
            "require": {
                "n2n/n2n-reflection": "7.2.x-dev",
                "n2n/n2n-util": "7.2.x-dev",
                "php": ">=7.0"
            },
            "type": "library",
            "autoload": {
                "psr-4": {
                    "n2n\\context\\": "src/app/n2n/context"
                }
            },
            "notification-url": "https://packagist.org/downloads/",
            "license": [
                "LGPL-3.0-or-later"
            ],
            "authors": [
                {
                    "name": "Andreas von Burg",
                    "email": "a@von-burg.net",
                    "homepage": "https://www.von-burg.net/"
                }
            ],
            "description": "Context support (request, session and application scope) for n2n framework.",
            "homepage": "https://n2n.rocks/",
            "keywords": [
                "Context",
                "application scope",
                "n2n",
                "request scope",
                "scope",
                "session scope"
            ],
            "time": "2018-01-19 02:03:27"
        },
        {
            "name": "n2n/n2n-impl-persistence-meta",
            "version": "7.2.x-dev",
            "source": {
                "type": "git",
                "url": "https://github.com/n2n/n2n-impl-persistence-meta.git",
                "reference": "57599a2551b4b27a25e638af33659ef73f25637f"
            },
            "dist": {
                "type": "zip",
                "url": "https://api.github.com/repos/n2n/n2n-impl-persistence-meta/zipball/57599a2551b4b27a25e638af33659ef73f25637f",
                "reference": "57599a2551b4b27a25e638af33659ef73f25637f",
                "shasum": ""
            },
            "require": {
                "n2n/n2n-io": "7.2.x-dev",
                "n2n/n2n-l10n": "7.2.x-dev",
                "n2n/n2n-persistence": "7.2.x-dev",
                "n2n/n2n-reflection": "7.2.x-dev",
                "n2n/n2n-util": "7.2.x-dev",
                "php": ">=7.0"
            },
            "type": "library",
            "autoload": {
                "psr-4": {
                    "n2n\\impl\\persistence\\meta\\": "src/app/n2n/impl/persistence/meta"
                }
            },
            "notification-url": "https://packagist.org/downloads/",
            "license": [
                "LGPL-3.0-or-later"
            ],
            "authors": [
                {
                    "name": "Thomas Günther",
                    "email": "guenther@hnm.ch"
                }
            ],
            "description": "n2n persistence meta api implenation",
            "homepage": "https://n2n.rocks/",
            "keywords": [
                "database meta api",
                "n2n",
                "persistence"
            ],
            "time": "2018-02-06 13:22:18"
        },
        {
            "name": "n2n/n2n-impl-persistence-orm",
            "version": "7.2.x-dev",
            "source": {
                "type": "git",
                "url": "https://github.com/n2n/n2n-impl-persistence-orm.git",
                "reference": "a82182deb213f73bff145bbacb8bcbab5dc7577a"
            },
            "dist": {
                "type": "zip",
                "url": "https://api.github.com/repos/n2n/n2n-impl-persistence-orm/zipball/a82182deb213f73bff145bbacb8bcbab5dc7577a",
                "reference": "a82182deb213f73bff145bbacb8bcbab5dc7577a",
                "shasum": ""
            },
            "require": {
                "n2n/hangar-api": "1.0.x-dev",
                "n2n/n2n-composer-module-installer": "7.1.x-dev",
                "n2n/n2n-io": "7.2.x-dev",
                "n2n/n2n-l10n": "7.2.x-dev",
                "n2n/n2n-persistence": "7.2.x-dev",
                "n2n/n2n-reflection": "7.2.x-dev",
                "n2n/n2n-util": "7.2.x-dev",
                "php": ">=7.0"
            },
            "type": "n2n-module",
            "autoload": {
                "psr-4": {
                    "n2n\\impl\\persistence\\orm\\": "src/app/n2n/impl/persistence/orm"
                }
            },
            "notification-url": "https://packagist.org/downloads/",
            "license": [
                "LGPL-3.0-or-later"
            ],
            "authors": [
                {
                    "name": "Andreas von Burg",
                    "email": "a@von-burg.net",
                    "homepage": "https://www.von-burg.net/"
                }
            ],
            "description": "n2n persistence orm implementation",
            "homepage": "http://n2n.rocks/",
            "keywords": [
                "n2n",
                "orm",
                "persistence"
            ],
            "time": "2018-07-03 11:02:06"
        },
        {
            "name": "n2n/n2n-impl-web-dispatch",
            "version": "7.2.x-dev",
            "source": {
                "type": "git",
                "url": "https://github.com/n2n/n2n-impl-web-dispatch.git",
                "reference": "09664b70849d83c8deacc084016d455031f7f964"
            },
            "dist": {
                "type": "zip",
                "url": "https://api.github.com/repos/n2n/n2n-impl-web-dispatch/zipball/09664b70849d83c8deacc084016d455031f7f964",
                "reference": "09664b70849d83c8deacc084016d455031f7f964",
                "shasum": ""
            },
            "require": {
                "n2n/n2n-composer-module-installer": "7.1.x-dev",
                "n2n/n2n-io": "7.2.x-dev",
                "n2n/n2n-l10n": "7.2.x-dev",
                "n2n/n2n-reflection": "7.2.x-dev",
                "n2n/n2n-util": "7.2.x-dev",
                "n2n/n2n-web": "7.2.x-dev",
                "php": ">=7.0"
            },
            "type": "n2n-module",
            "autoload": {
                "psr-4": {
                    "n2n\\impl\\web\\dispatch\\": "src/app/n2n/impl/web/dispatch"
                }
            },
            "notification-url": "https://packagist.org/downloads/",
            "license": [
                "LGPL-3.0-or-later"
            ],
            "authors": [
                {
                    "name": "Andreas von Burg",
                    "email": "a@von-burg.net",
                    "homepage": "https://www.von-burg.net/"
                }
            ],
            "description": "n2n dispatch implementation",
            "homepage": "http://n2n.rocks/",
            "keywords": [
                "form",
                "n2n",
                "web"
            ],
            "time": "2018-06-20 21:00:45"
        },
        {
            "name": "n2n/n2n-impl-web-ui",
            "version": "7.2.x-dev",
            "source": {
                "type": "git",
                "url": "https://github.com/n2n/n2n-impl-web-ui.git",
                "reference": "bfdf2c53a5cb0fb3a95b2e6e7e0a916e607db0e9"
            },
            "dist": {
                "type": "zip",
                "url": "https://api.github.com/repos/n2n/n2n-impl-web-ui/zipball/bfdf2c53a5cb0fb3a95b2e6e7e0a916e607db0e9",
                "reference": "bfdf2c53a5cb0fb3a95b2e6e7e0a916e607db0e9",
                "shasum": ""
            },
            "require": {
                "n2n/n2n-composer-module-installer": "7.1.x-dev",
                "n2n/n2n-io": "7.2.x-dev",
                "n2n/n2n-l10n": "7.2.x-dev",
                "n2n/n2n-reflection": "7.2.x-dev",
                "n2n/n2n-util": "7.2.x-dev",
                "n2n/n2n-web": "7.2.x-dev",
                "php": ">=7.0"
            },
            "type": "n2n-module",
            "autoload": {
                "psr-4": {
                    "n2n\\impl\\web\\ui\\": "src/app/n2n/impl/web/ui"
                }
            },
            "notification-url": "https://packagist.org/downloads/",
            "license": [
                "LGPL-3.0-or-later"
            ],
            "authors": [
                {
                    "name": "Andreas von Burg",
                    "email": "a@von-burg.net",
                    "homepage": "https://www.von-burg.net/"
                }
            ],
            "description": "n2n web ui implementation",
            "homepage": "https://n2n.rocks/",
            "keywords": [
                "csv",
                "html",
                "n2n",
                "xml"
            ],
            "time": "2018-05-17 16:52:01"
        },
        {
            "name": "n2n/n2n-io",
            "version": "7.2.x-dev",
            "source": {
                "type": "git",
                "url": "https://github.com/n2n/n2n-io.git",
                "reference": "c530a12416e3e913b3363b19f9840bd0b5996f3b"
            },
            "dist": {
                "type": "zip",
                "url": "https://api.github.com/repos/n2n/n2n-io/zipball/c530a12416e3e913b3363b19f9840bd0b5996f3b",
                "reference": "c530a12416e3e913b3363b19f9840bd0b5996f3b",
                "shasum": ""
            },
            "require": {
                "n2n/n2n-reflection": "7.2.x-dev",
                "n2n/n2n-util": "7.2.x-dev",
                "php": ">=7.0"
            },
            "type": "library",
            "autoload": {
                "psr-4": {
                    "n2n\\io\\": "src/app/n2n/io"
                }
            },
            "notification-url": "https://packagist.org/downloads/",
            "license": [
                "LGPL-3.0-or-later"
            ],
            "authors": [
                {
                    "name": "Andreas von Burg",
                    "email": "a@von-burg.net",
                    "homepage": "https://www.von-burg.net/"
                }
            ],
            "description": "n2n io library",
            "homepage": "http://n2n.rocks/",
            "keywords": [
                "framework",
                "io",
                "n2n"
            ],
            "time": "2018-06-20 22:48:56"
        },
        {
            "name": "n2n/n2n-l10n",
            "version": "7.2.x-dev",
            "source": {
                "type": "git",
                "url": "https://github.com/n2n/n2n-l10n.git",
                "reference": "21d9af237ee3b4e1b5d431bbdc7275eec23a9a04"
            },
            "dist": {
                "type": "zip",
                "url": "https://api.github.com/repos/n2n/n2n-l10n/zipball/21d9af237ee3b4e1b5d431bbdc7275eec23a9a04",
                "reference": "21d9af237ee3b4e1b5d431bbdc7275eec23a9a04",
                "shasum": ""
            },
            "require": {
                "n2n/n2n-reflection": "7.2.x-dev",
                "php": ">=7.0"
            },
            "type": "library",
            "autoload": {
                "psr-4": {
                    "n2n\\l10n\\": "src/app/n2n/l10n"
                }
            },
            "notification-url": "https://packagist.org/downloads/",
            "license": [
                "LGPL-3.0-or-later"
            ],
            "authors": [
                {
                    "name": "Andreas von Burg",
                    "email": "a@von-burg.net",
                    "homepage": "https://www.von-burg.net/"
                }
            ],
            "description": "n2n l10n support",
            "homepage": "https://n2n.rocks/",
            "keywords": [
                "l10n",
                "n2n"
            ],
            "time": "2018-06-20 21:01:54"
        },
        {
            "name": "n2n/n2n-log4php",
            "version": "7.2.x-dev",
            "source": {
                "type": "git",
                "url": "https://github.com/n2n/n2n-log4php.git",
                "reference": "1e6fff4c2785acdb8c2e0c3d5451cbb7e1b51fc2"
            },
            "dist": {
                "type": "zip",
                "url": "https://api.github.com/repos/n2n/n2n-log4php/zipball/1e6fff4c2785acdb8c2e0c3d5451cbb7e1b51fc2",
                "reference": "1e6fff4c2785acdb8c2e0c3d5451cbb7e1b51fc2",
                "shasum": ""
            },
            "require": {
                "php": ">=7.0"
            },
            "type": "library",
            "autoload": {
                "psr-4": {
                    "n2n\\log4php\\": "src/app/n2n/log4php"
                }
            },
            "notification-url": "https://packagist.org/downloads/",
            "description": "log4php for n2n",
            "homepage": "http://n2n.rocks",
            "keywords": [
                "log4php",
                "n2n"
            ],
            "time": "2018-01-19 02:07:36"
        },
        {
            "name": "n2n/n2n-persistence",
            "version": "7.2.x-dev",
            "source": {
                "type": "git",
                "url": "https://github.com/n2n/n2n-persistence.git",
                "reference": "751b14a3fe9874444d89abd467d773ae0bb2f518"
            },
            "dist": {
                "type": "zip",
                "url": "https://api.github.com/repos/n2n/n2n-persistence/zipball/751b14a3fe9874444d89abd467d773ae0bb2f518",
                "reference": "751b14a3fe9874444d89abd467d773ae0bb2f518",
                "shasum": ""
            },
            "require": {
                "n2n/n2n-io": "7.2.x-dev",
                "n2n/n2n-reflection": "7.2.x-dev",
                "n2n/n2n-util": "7.2.x-dev",
                "php": ">=7.0"
            },
            "type": "library",
            "autoload": {
                "psr-4": {
                    "n2n\\persistence\\": "src/app/n2n/persistence"
                }
            },
            "notification-url": "https://packagist.org/downloads/",
            "license": [
                "LGPL-3.0-or-later"
            ],
            "authors": [
                {
                    "name": "Andreas von Burg",
                    "email": "a@von-burg.net",
                    "homepage": "http://www.von-burg.net"
                }
            ],
            "description": "Persitence library for n2n. Includes ORM and Meta API.",
            "homepage": "http://n2n.rocks/",
            "keywords": [
                "db meta api",
                "n2n",
                "orm",
                "persistence"
            ],
            "time": "2018-07-03 11:51:23"
        },
        {
            "name": "n2n/n2n-reflection",
            "version": "7.2.x-dev",
            "source": {
                "type": "git",
                "url": "https://github.com/n2n/n2n-reflection.git",
                "reference": "16deb20bd7c52754a7de30cb8d7c1abe8839efac"
            },
            "dist": {
                "type": "zip",
                "url": "https://api.github.com/repos/n2n/n2n-reflection/zipball/16deb20bd7c52754a7de30cb8d7c1abe8839efac",
                "reference": "16deb20bd7c52754a7de30cb8d7c1abe8839efac",
                "shasum": ""
            },
            "require": {
                "n2n/n2n-util": "7.2.x-dev",
                "php": ">=7.0"
            },
            "type": "library",
            "autoload": {
                "psr-4": {
                    "n2n\\reflection\\": "src/app/n2n/reflection"
                }
            },
            "notification-url": "https://packagist.org/downloads/",
            "license": [
                "LGPL-3.0-or-later"
            ],
            "authors": [
                {
                    "name": "Andreas von Burg",
                    "email": "a@von-burg.net",
                    "homepage": "https://www.von-burg.net/",
                    "role": "Developer"
                }
            ],
            "description": "n2n framework 7",
            "homepage": "http://n2n.rocks/",
            "keywords": [
                "awesome",
                "framework"
            ],
            "time": "2018-06-27 10:52:48"
        },
        {
            "name": "n2n/n2n-util",
            "version": "7.2.x-dev",
            "source": {
                "type": "git",
                "url": "https://github.com/n2n/n2n-util.git",
                "reference": "70bd74c7d9110416bb36b114703c470b203312c3"
            },
            "dist": {
                "type": "zip",
                "url": "https://api.github.com/repos/n2n/n2n-util/zipball/70bd74c7d9110416bb36b114703c470b203312c3",
                "reference": "70bd74c7d9110416bb36b114703c470b203312c3",
                "shasum": ""
            },
            "require": {
                "n2n/n2n-io": "7.2.x-dev",
                "n2n/n2n-reflection": "7.2.x-dev",
                "php": ">=7.0"
            },
            "type": "library",
            "autoload": {
                "psr-4": {
                    "n2n\\util\\": "src/app/n2n/util"
                }
            },
            "notification-url": "https://packagist.org/downloads/",
            "license": [
                "LGPL-3.0-or-later"
            ],
            "authors": [
                {
                    "name": "Andreas von Burg",
                    "email": "a@von-burg.net",
                    "homepage": "https://www.von-burg.net/"
                }
            ],
            "description": "n2n util library",
            "homepage": "https://n2n.rocks/",
            "keywords": [
                "n2n",
                "util"
            ],
            "time": "2018-05-30 10:15:35"
        },
        {
            "name": "n2n/n2n-web",
            "version": "7.2.x-dev",
            "source": {
                "type": "git",
                "url": "https://github.com/n2n/n2n-web.git",
                "reference": "5327c17a81e373962b8a1d818d3e7154b9b43c6a"
            },
            "dist": {
                "type": "zip",
                "url": "https://api.github.com/repos/n2n/n2n-web/zipball/5327c17a81e373962b8a1d818d3e7154b9b43c6a",
                "reference": "5327c17a81e373962b8a1d818d3e7154b9b43c6a",
                "shasum": ""
            },
            "require": {
                "n2n/n2n-context": "7.2.x-dev",
                "n2n/n2n-io": "7.2.x-dev",
                "n2n/n2n-l10n": "7.2.x-dev",
                "n2n/n2n-reflection": "7.2.x-dev",
                "n2n/n2n-util": "7.2.x-dev",
                "php": ">=7.0"
            },
            "type": "library",
            "autoload": {
                "psr-4": {
                    "n2n\\web\\": "src/app/n2n/web"
                }
            },
            "notification-url": "https://packagist.org/downloads/",
            "license": [
                "LGPL-3.0-or-later"
            ],
            "authors": [
                {
                    "name": "Andreas von Burg",
                    "email": "a@von-burg.net",
                    "homepage": "https://www.von-burg.net/",
                    "role": "Developer"
                }
            ],
            "description": "n2n web",
            "homepage": "http://n2n.rocks/",
            "keywords": [
                "controler",
                "form api",
                "http",
                "n2n",
                "rest"
            ],
            "time": "2018-05-08 16:03:46"
        },
        {
            "name": "n2n/n2nutil-bootstrap",
            "version": "4.0.x-dev",
            "source": {
                "type": "git",
                "url": "https://github.com/n2n/n2nutil-bootstrap.git",
                "reference": "2e4c3916add58cf5c720e578754351c9acf89d8f"
            },
            "dist": {
                "type": "zip",
                "url": "https://api.github.com/repos/n2n/n2nutil-bootstrap/zipball/2e4c3916add58cf5c720e578754351c9acf89d8f",
                "reference": "2e4c3916add58cf5c720e578754351c9acf89d8f",
                "shasum": ""
            },
            "require": {
                "n2n/n2n-composer-module-installer": "7.1.x-dev",
                "n2n/n2n-web": "^7.1.0",
                "n2n/n2nutil-jquery": "^1.1.0",
                "php": ">=7.0"
            },
            "type": "n2n-module",
            "autoload": {
                "psr-4": {
                    "n2nutil\\bootstrap\\": "src/app/n2nutil/bootstrap"
                }
            },
            "notification-url": "https://packagist.org/downloads/",
            "license": [
                "LGPL-3.0-or-later"
            ],
            "authors": [
                {
                    "name": "Thomas Günther",
                    "email": "guenther@hnm.ch"
                },
                {
                    "name": "Thomas Jansen",
                    "email": "jansen@hnm.ch"
                }
            ],
            "description": "boostrap utils for n2n",
            "homepage": "https://n2n.rocks/",
            "keywords": [
                "boostrap",
                "n2n"
            ],
            "time": "2018-03-28 15:59:38"
        },
        {
            "name": "n2n/n2nutil-jquery",
            "version": "1.2.x-dev",
            "source": {
                "type": "git",
                "url": "https://github.com/n2n/n2nutil-jquery.git",
                "reference": "1ba698dfbcb3bee366336f3521487acf45bcaf30"
            },
            "dist": {
                "type": "zip",
                "url": "https://api.github.com/repos/n2n/n2nutil-jquery/zipball/1ba698dfbcb3bee366336f3521487acf45bcaf30",
                "reference": "1ba698dfbcb3bee366336f3521487acf45bcaf30",
                "shasum": ""
            },
            "require": {
                "n2n/n2n-composer-module-installer": "7.1.x-dev",
                "n2n/n2n-web": "7.2.x-dev",
                "php": ">=7.0"
            },
            "type": "n2n-module",
            "autoload": {
                "psr-4": {
                    "n2nutil\\jquery\\": "src/app/n2nutil/jquery"
                }
            },
            "notification-url": "https://packagist.org/downloads/",
            "license": [
                "LGPL-3.0-or-later"
            ],
            "authors": [
                {
                    "name": "Thomas Günther",
                    "email": "guenther@hnm.ch"
                }
            ],
            "description": "jquery utils for n2n",
            "homepage": "https://n2n.rocks/",
            "keywords": [
                "jquery",
                "n2n"
            ],
            "time": "2018-02-06 13:23:23"
        },
        {
            "name": "n2n/page",
            "version": "1.4.x-dev",
            "source": {
                "type": "git",
                "url": "https://github.com/n2n/page.git",
                "reference": "d082547e78ff79d48980ad292e8a6b5934bd1f6d"
            },
            "dist": {
                "type": "zip",
                "url": "https://api.github.com/repos/n2n/page/zipball/d082547e78ff79d48980ad292e8a6b5934bd1f6d",
                "reference": "d082547e78ff79d48980ad292e8a6b5934bd1f6d",
                "shasum": ""
            },
            "require": {
                "n2n/n2n-composer-module-installer": "7.1.x-dev",
                "n2n/rocket": "2.0.x-dev",
                "php": ">=7.0"
            },
            "type": "n2n-module",
            "autoload": {
                "psr-4": {
                    "page\\": "src/app/page"
                }
            },
            "notification-url": "https://packagist.org/downloads/",
            "license": [
                "GPL-3.0-or-later"
            ],
            "authors": [
                {
                    "name": "Thomas Günther",
                    "email": "guenther@hnm.ch"
                },
                {
                    "name": "Bert Hofmänner",
                    "email": "hofmaenner@hnm.ch"
                },
                {
                    "name": "Andreas von Burg",
                    "email": "a@von-burg.net",
                    "homepage": "https://www.von-burg.net/"
                }
            ],
            "description": "rocket cmf",
            "homepage": "https://n2n.rocks/",
            "keywords": [
                "cmf",
                "cms",
                "n2n"
            ],
            "time": "2018-05-09 13:23:20"
        },
        {
            "name": "n2n/phpbob",
            "version": "1.0.x-dev",
            "source": {
                "type": "git",
                "url": "https://github.com/n2n/phpbob.git",
                "reference": "a25ce5f80ed4e64bc60e454deda86d4df960acd1"
            },
            "dist": {
                "type": "zip",
                "url": "https://api.github.com/repos/n2n/phpbob/zipball/a25ce5f80ed4e64bc60e454deda86d4df960acd1",
                "reference": "a25ce5f80ed4e64bc60e454deda86d4df960acd1",
                "shasum": ""
            },
            "require": {
                "n2n/n2n-reflection": "7.2.x-dev",
                "n2n/n2n-util": "7.2.x-dev",
                "php": ">=7.0"
            },
            "type": "library",
            "autoload": {
                "psr-4": {
                    "phpbob\\": "src/app/phpbob"
                }
            },
            "notification-url": "https://packagist.org/downloads/",
            "license": [
                "GPL-3.0-or-later"
            ],
            "authors": [
                {
                    "name": "Thomas Günther",
                    "email": "guenther@hnm.ch",
                    "homepage": "https://www.hnm.ch/"
                }
            ],
            "description": "n2n php representation builder",
            "homepage": "https://n2n.rocks/",
            "keywords": [
                "n2n",
                "phpbob"
            ],
            "time": "2018-07-03 11:04:09"
        },
        {
            "name": "n2n/rocket",
            "version": "2.0.x-dev",
            "source": {
                "type": "git",
                "url": "https://github.com/n2n/rocket.git",
                "reference": "ac9f1d6cae5cb6c2d0ac061ae0b251f51200fde2"
            },
            "dist": {
                "type": "zip",
                "url": "https://api.github.com/repos/n2n/rocket/zipball/ac9f1d6cae5cb6c2d0ac061ae0b251f51200fde2",
                "reference": "ac9f1d6cae5cb6c2d0ac061ae0b251f51200fde2",
                "shasum": ""
            },
            "require": {
                "n2n/n2n": "7.2.x-dev",
                "n2n/n2n-batch": "7.2.x-dev",
                "n2n/n2n-composer-module-installer": "7.1.x-dev",
                "n2n/n2n-context": "7.2.x-dev",
                "n2n/n2n-impl-persistence-meta": "7.2.x-dev",
                "n2n/n2n-impl-persistence-orm": "7.2.x-dev",
                "n2n/n2n-impl-web-dispatch": "7.2.x-dev",
                "n2n/n2n-impl-web-ui": "7.2.x-dev",
                "n2n/n2nutil-jquery": "1.2.x-dev",
                "php": ">=7.0"
            },
            "type": "n2n-module",
            "autoload": {
                "psr-4": {
                    "rocket\\": "src/app/rocket"
                }
            },
            "notification-url": "https://packagist.org/downloads/",
            "license": [
                "LGPL-3.0-or-later"
            ],
            "authors": [
                {
                    "name": "Bert Hofmänner",
                    "email": "hofmaenner@hnm.ch",
                    "role": "Idea, Frontend UI, Design, Marketing, Concept"
                },
                {
                    "name": "Thomas Günther",
                    "email": "guenther@hnm.ch",
                    "role": "Developer, Frontend UI, Rocket Capability for Hangar"
                },
                {
                    "name": "Andreas von Burg",
                    "email": "a@von-burg.net",
                    "homepage": "https://www.von-burg.net",
                    "role": "Architect, Lead Developer, Concept"
                }
            ],
            "description": "rocket cmf",
            "homepage": "https://n2n.rocks/",
            "keywords": [
                "cmf",
                "cms",
                "n2n"
            ],
            "time": "2018-07-03 11:03:38"
        }
    ],
    "packages-dev": [
        {
            "name": "n2n/hangar",
            "version": "7.2.x-dev",
            "source": {
                "type": "git",
                "url": "https://github.com/n2n/hangar.git",
                "reference": "1f1328d2d93e93d2a394a3db25d87d25bc33dc38"
            },
            "dist": {
                "type": "zip",
                "url": "https://api.github.com/repos/n2n/hangar/zipball/1f1328d2d93e93d2a394a3db25d87d25bc33dc38",
                "reference": "1f1328d2d93e93d2a394a3db25d87d25bc33dc38",
                "shasum": ""
            },
            "require": {
                "n2n/hangar-api": "1.0.x-dev",
                "n2n/n2n-composer-skeleton-component-installer": "7.1.x-dev",
                "n2n/phpbob": "1.0.x-dev",
                "php": ">=7.0"
            },
            "type": "n2n-skeleton-component",
            "notification-url": "https://packagist.org/downloads/",
            "authors": [
                {
                    "name": "Thomas Günther",
                    "email": "guenther@hnm.ch",
                    "homepage": "https://www.hnm.ch/"
                }
            ],
            "description": "hangar",
            "homepage": "http://n2n.rocks/",
            "keywords": [
                "hangar",
                "n2n"
            ],
            "time": "2018-07-03 11:52:22"
        },
        {
            "name": "n2n/n2n-composer-skeleton-component-installer",
            "version": "7.1.x-dev",
            "source": {
                "type": "git",
                "url": "https://github.com/n2n/n2n-composer-skeleton-component-installer.git",
                "reference": "14166313bf28682d5cef8570cd0016b101ae608d"
            },
            "dist": {
                "type": "zip",
                "url": "https://api.github.com/repos/n2n/n2n-composer-skeleton-component-installer/zipball/14166313bf28682d5cef8570cd0016b101ae608d",
                "reference": "14166313bf28682d5cef8570cd0016b101ae608d",
                "shasum": ""
            },
            "require": {
                "composer-plugin-api": "^1.0"
            },
            "require-dev": {
                "composer/composer": "1.*"
            },
            "type": "composer-plugin",
            "extra": {
                "class": "n2n\\composer\\skeleton\\component\\ComponentPlugin"
            },
            "autoload": {
                "psr-4": {
                    "n2n\\composer\\skeleton\\component\\": "src/n2n/composer/skeleton/component"
                }
            },
            "notification-url": "https://packagist.org/downloads/",
            "license": [
                "GNU LGPL"
            ],
            "authors": [
                {
                    "name": "Thomas Günther",
                    "email": "guenther@hnm.ch",
                    "homepage": "https://www.hnm.ch/"
                }
            ],
            "description": "n2n skeleton component installer plugin for composer",
            "homepage": "http://n2n.rocks/",
            "keywords": [
                "installer",
                "module",
                "n2n"
            ],
            "time": "2017-08-16 13:57:08"
        },
        {
            "name": "n2n/n2n-composer-skeleton-installer",
            "version": "7.1.x-dev",
            "source": {
                "type": "git",
                "url": "https://github.com/n2n/n2n-composer-skeleton-installer.git",
                "reference": "32619e3442b56f472f246ca5574f9c6e012a5ec4"
            },
            "dist": {
                "type": "zip",
                "url": "https://api.github.com/repos/n2n/n2n-composer-skeleton-installer/zipball/32619e3442b56f472f246ca5574f9c6e012a5ec4",
                "reference": "32619e3442b56f472f246ca5574f9c6e012a5ec4",
                "shasum": ""
            },
            "require": {
                "composer-plugin-api": "1.*"
            },
            "require-dev": {
                "composer/composer": "1.*"
            },
            "type": "composer-plugin",
            "extra": {
                "class": "n2n\\composer\\skeleton\\SkeletonPlugin"
            },
            "autoload": {
                "psr-4": {
                    "n2n\\composer\\skeleton\\": "src/n2n/composer/skeleton"
                }
            },
            "notification-url": "https://packagist.org/downloads/",
            "license": [
                "GNU LGPL"
            ],
            "authors": [
                {
                    "name": "Andreas von Burg",
                    "email": "a@von-burg.net",
                    "homepage": "http://www.von-burg.net",
                    "role": "Developer"
                }
            ],
            "description": "n2n skeleton installer plugin for composer",
            "homepage": "http://n2n.rocks/",
            "keywords": [
                "Skeleton",
                "installer",
                "n2n"
            ],
            "time": "2016-08-23 17:49:36"
        },
        {
            "name": "n2n/n2n-mail",
            "version": "7.2.x-dev",
            "source": {
                "type": "git",
                "url": "https://github.com/n2n/n2n-mail.git",
                "reference": "1acbfadd51847cf657a35bdee0dfb61e1fa5b13f"
            },
            "dist": {
                "type": "zip",
                "url": "https://api.github.com/repos/n2n/n2n-mail/zipball/1acbfadd51847cf657a35bdee0dfb61e1fa5b13f",
                "reference": "1acbfadd51847cf657a35bdee0dfb61e1fa5b13f",
                "shasum": ""
            },
            "require": {
                "n2n/n2n-reflection": "7.2.x-dev",
                "n2n/n2n-util": "7.2.x-dev",
                "php": ">=7.0"
            },
            "type": "library",
            "autoload": {
                "psr-4": {
                    "n2n\\mail\\": "src/app/n2n/mail"
                }
            },
            "notification-url": "https://packagist.org/downloads/",
            "license": [
                "LGPL-3.0-or-later"
            ],
            "authors": [
                {
                    "name": "Bert Hofmänner",
                    "email": "hofmaenner@hnm.ch",
                    "homepage": "https://www.hnm.ch/"
                }
            ],
            "description": "Simple mail library designed for n2n framework",
            "homepage": "http://n2n.rocks/",
            "keywords": [
                "mail",
                "n2n"
            ],
            "time": "2018-02-06 13:21:47"
        }
    ],
    "aliases": [],
    "minimum-stability": "dev",
    "stability-flags": {
        "n2n/n2n": 20,
        "n2n/n2n-batch": 20,
        "n2n/n2n-context": 20,
        "n2n/n2n-mail": 20,
        "n2n/n2n-impl-persistence-meta": 20,
        "n2n/n2n-impl-persistence-orm": 20,
        "n2n/n2n-impl-web-dispatch": 20,
        "n2n/n2n-impl-web-ui": 20,
        "n2n/n2n-composer-skeleton-installer": 20,
        "n2n/hangar": 20
    },
    "prefer-stable": true,
    "prefer-lowest": false,
    "platform": [],
    "platform-dev": []
}
